
Microsoft Visual Studio Solution File, Format Version 12.00
# Visual Studio Version 16
VisualStudioVersion = 16.0.33328.57
MinimumVisualStudioVersion = 10.0.40219.1
Project("{8BC9CEB8-8B4A-11D0-8D11-00A0C91BC942}") = "Shura", "Shura.vcxproj", "{619862E9-2532-4DB1-B71C-ED6FAC3CBFFF}"
EndProject
Project("{8BC9CEB8-8B4A-11D0-8D11-00A0C91BC942}") = "Sandbox", "Sandbox\Sandbox.vcxproj", "{FF298D1B-EA7B-4DD9-BDA2-56EE9F14DCFC}"
EndProject
Global
	GlobalSection(SolutionConfigurationPlatforms) = preSolution
		Debug|x64 = Debug|x64
		Release|x64 = Release|x64
	EndGlobalSection
	GlobalSection(ProjectConfigurationPlatforms) = postSolution
		{619862E9-2532-4DB1-B71C-ED6FAC3CBFFF}.Debug|x64.ActiveCfg = Debug|x64
		{619862E9-2532-4DB1-B71C-ED6FAC3CBFFF}.Debug|x64.Build.0 = Debug|x64
		{619862E9-2532-4DB1-B71C-ED6FAC3CBFFF}.Release|x64.ActiveCfg = Release|x64
		{619862E9-2532-4DB1-B71C-ED6FAC3CBFFF}.Release|x64.Build.0 = Release|x64
		{FF298D1B-EA7B-4DD9-BDA2-56EE9F14DCFC}.Debug|x64.ActiveCfg = Debug|x64
		{FF298D1B-EA7B-4DD9-BDA2-56EE9F14DCFC}.Debug|x64.Build.0 = Debug|x64
		{FF298D1B-EA7B-4DD9-BDA2-56EE9F14DCFC}.Release|x64.ActiveCfg = Release|x64
		{FF298D1B-EA7B-4DD9-BDA2-56EE9F14DCFC}.Release|x64.Build.0 = Release|x64
	EndGlobalSection
	GlobalSection(SolutionProperties) = preSolution
		HideSolutionNode = FALSE
	EndGlobalSection
	GlobalSection(ExtensibilityGlobals) = postSolution
		SolutionGuid = {B38EDC2F-E279-4F2D-BED1-A3F4BE7CA319}
	EndGlobalSection
EndGlobal
