<?xml version="1.0" encoding="utf-8"?>
<Project ToolsVersion="4.0" xmlns="http://schemas.microsoft.com/developer/msbuild/2003">
  <ItemGroup>
    <Filter Include="Platform">
      <UniqueIdentifier>{2AC788B4-1694-E3BF-3FAD-D1672BD9184E}</UniqueIdentifier>
    </Filter>
    <Filter Include="Platform\Windows">
      <UniqueIdentifier>{64FBD71A-50F4-F66C-7926-DCF1657ED678}</UniqueIdentifier>
    </Filter>
    <Filter Include="Shura">
      <UniqueIdentifier>{28FA170E-940E-40BF-5D90-E31EC9633CF0}</UniqueIdentifier>
    </Filter>
    <Filter Include="Shura\Events">
      <UniqueIdentifier>{0CA9D96D-F80B-6912-A191-A1C88DD33495}</UniqueIdentifier>
    </Filter>
  </ItemGroup>
  <ItemGroup>
    <ClInclude Include="src\Platform\Windows\WindowsWindow.h">
      <Filter>Platform\Windows</Filter>
    </ClInclude>
    <ClInclude Include="src\Shura.h" />
    <ClInclude Include="src\Shura\Application.h">
      <Filter>Shura</Filter>
    </ClInclude>
    <ClInclude Include="src\Shura\Core.h">
      <Filter>Shura</Filter>
    </ClInclude>
    <ClInclude Include="src\Shura\EntryPoint.h">
      <Filter>Shura</Filter>
    </ClInclude>
    <ClInclude Include="src\Shura\Events\ApplicationEvent.h">
      <Filter>Shura\Events</Filter>
    </ClInclude>
    <ClInclude Include="src\Shura\Events\Event.h">
      <Filter>Shura\Events</Filter>
    </ClInclude>
    <ClInclude Include="src\Shura\Events\KeyEvent.h">
      <Filter>Shura\Events</Filter>
    </ClInclude>
    <ClInclude Include="src\Shura\Events\MouseEvent.h">
      <Filter>Shura\Events</Filter>
    </ClInclude>
    <ClInclude Include="src\Shura\Log.h">
      <Filter>Shura</Filter>
    </ClInclude>
    <ClInclude Include="src\Shura\Window.h">
      <Filter>Shura</Filter>
    </ClInclude>
    <ClInclude Include="src\hzpch.h" />
  </ItemGroup>
  <ItemGroup>
    <ClCompile Include="src\Platform\Windows\WindowsWindow.cpp">
      <Filter>Platform\Windows</Filter>
    </ClCompile>
    <ClCompile Include="src\Shura\Application.cpp">
      <Filter>Shura</Filter>
    </ClCompile>
    <ClCompile Include="src\Shura\Log.cpp">
      <Filter>Shura</Filter>
    </ClCompile>
    <ClCompile Include="src\hzpch.cpp" />
  </ItemGroup>
</Project>